// !$*UTF8*$!
{
	archiveVersion = 1;
	classes = {
	};
	objectVersion = 51;
	objects = {

/* Begin PBXBuildFile section */
		4EFE36243A8908CD10AA847B /* Pods_Nutrify.framework in Frameworks */ = {isa = PBXBuildFile; fileRef = A5153D5748177936868897A7 /* Pods_Nutrify.framework */; };
		74591D57242C620200855BAB /* CreateAccountViewController.swift in Sources */ = {isa = PBXBuildFile; fileRef = 74591D56242C620200855BAB /* CreateAccountViewController.swift */; };
		74591D59242D6FFC00855BAB /* SurveyNavigationController.swift in Sources */ = {isa = PBXBuildFile; fileRef = 74591D58242D6FFC00855BAB /* SurveyNavigationController.swift */; };
		74591D5B242D925600855BAB /* SurveyQuestionsViewController.swift in Sources */ = {isa = PBXBuildFile; fileRef = 74591D5A242D925600855BAB /* SurveyQuestionsViewController.swift */; };
		74591D5F242DA4CB00855BAB /* HomeViewController.swift in Sources */ = {isa = PBXBuildFile; fileRef = 74591D5E242DA4CB00855BAB /* HomeViewController.swift */; };
		74591D61242DA4F200855BAB /* LoginViewController.swift in Sources */ = {isa = PBXBuildFile; fileRef = 74591D60242DA4F200855BAB /* LoginViewController.swift */; };
		74651BD22457230C003F1F9C /* NutritionixAPI.swift in Sources */ = {isa = PBXBuildFile; fileRef = 74651BD12457230C003F1F9C /* NutritionixAPI.swift */; };
		74651BD524572348003F1F9C /* Config.swift in Sources */ = {isa = PBXBuildFile; fileRef = 74651BD424572348003F1F9C /* Config.swift */; };
		74651BD724572368003F1F9C /* Meal.swift in Sources */ = {isa = PBXBuildFile; fileRef = 74651BD624572368003F1F9C /* Meal.swift */; };
		74651BDB2457A166003F1F9C /* Utilities.swift in Sources */ = {isa = PBXBuildFile; fileRef = 74651BDA2457A166003F1F9C /* Utilities.swift */; };
		74651BDD2457A796003F1F9C /* Constants.swift in Sources */ = {isa = PBXBuildFile; fileRef = 74651BDC2457A796003F1F9C /* Constants.swift */; };
		74B946A42455365800BA9325 /* GoogleService-Info.plist in Resources */ = {isa = PBXBuildFile; fileRef = 74B946A32455365800BA9325 /* GoogleService-Info.plist */; };
		74E5BE472404D454000F2350 /* AppDelegate.swift in Sources */ = {isa = PBXBuildFile; fileRef = 74E5BE462404D454000F2350 /* AppDelegate.swift */; };
		74E5BE492404D454000F2350 /* SceneDelegate.swift in Sources */ = {isa = PBXBuildFile; fileRef = 74E5BE482404D454000F2350 /* SceneDelegate.swift */; };
		74E5BE4B2404D454000F2350 /* ViewController.swift in Sources */ = {isa = PBXBuildFile; fileRef = 74E5BE4A2404D454000F2350 /* ViewController.swift */; };
		74E5BE4E2404D454000F2350 /* Main.storyboard in Resources */ = {isa = PBXBuildFile; fileRef = 74E5BE4C2404D454000F2350 /* Main.storyboard */; };
		74E5BE502404D458000F2350 /* Assets.xcassets in Resources */ = {isa = PBXBuildFile; fileRef = 74E5BE4F2404D458000F2350 /* Assets.xcassets */; };
		74E5BE532404D458000F2350 /* LaunchScreen.storyboard in Resources */ = {isa = PBXBuildFile; fileRef = 74E5BE512404D458000F2350 /* LaunchScreen.storyboard */; };
/* End PBXBuildFile section */

/* Begin PBXFileReference section */
		6BA4092531F32DF07D0BC39A /* Pods-Nutrify.release.xcconfig */ = {isa = PBXFileReference; includeInIndex = 1; lastKnownFileType = text.xcconfig; name = "Pods-Nutrify.release.xcconfig"; path = "Target Support Files/Pods-Nutrify/Pods-Nutrify.release.xcconfig"; sourceTree = "<group>"; };
		74591D56242C620200855BAB /* CreateAccountViewController.swift */ = {isa = PBXFileReference; lastKnownFileType = sourcecode.swift; path = CreateAccountViewController.swift; sourceTree = "<group>"; };
		74591D58242D6FFC00855BAB /* SurveyNavigationController.swift */ = {isa = PBXFileReference; lastKnownFileType = sourcecode.swift; path = SurveyNavigationController.swift; sourceTree = "<group>"; };
		74591D5A242D925600855BAB /* SurveyQuestionsViewController.swift */ = {isa = PBXFileReference; lastKnownFileType = sourcecode.swift; path = SurveyQuestionsViewController.swift; sourceTree = "<group>"; };
		74591D5E242DA4CB00855BAB /* HomeViewController.swift */ = {isa = PBXFileReference; lastKnownFileType = sourcecode.swift; path = HomeViewController.swift; sourceTree = "<group>"; };
		74591D60242DA4F200855BAB /* LoginViewController.swift */ = {isa = PBXFileReference; lastKnownFileType = sourcecode.swift; path = LoginViewController.swift; sourceTree = "<group>"; };
		74651BD12457230C003F1F9C /* NutritionixAPI.swift */ = {isa = PBXFileReference; lastKnownFileType = sourcecode.swift; path = NutritionixAPI.swift; sourceTree = "<group>"; };
		74651BD424572348003F1F9C /* Config.swift */ = {isa = PBXFileReference; lastKnownFileType = sourcecode.swift; path = Config.swift; sourceTree = "<group>"; };
		74651BD624572368003F1F9C /* Meal.swift */ = {isa = PBXFileReference; lastKnownFileType = sourcecode.swift; path = Meal.swift; sourceTree = "<group>"; };
		74651BDA2457A166003F1F9C /* Utilities.swift */ = {isa = PBXFileReference; lastKnownFileType = sourcecode.swift; path = Utilities.swift; sourceTree = "<group>"; };
		74651BDC2457A796003F1F9C /* Constants.swift */ = {isa = PBXFileReference; lastKnownFileType = sourcecode.swift; path = Constants.swift; sourceTree = "<group>"; };
		74B946A32455365800BA9325 /* GoogleService-Info.plist */ = {isa = PBXFileReference; fileEncoding = 4; lastKnownFileType = text.plist.xml; name = "GoogleService-Info.plist"; path = "../../../../../../../Downloads/GoogleService-Info.plist"; sourceTree = "<group>"; };
		74E5BE432404D454000F2350 /* Nutrify.app */ = {isa = PBXFileReference; explicitFileType = wrapper.application; includeInIndex = 0; path = Nutrify.app; sourceTree = BUILT_PRODUCTS_DIR; };
		74E5BE462404D454000F2350 /* AppDelegate.swift */ = {isa = PBXFileReference; lastKnownFileType = sourcecode.swift; path = AppDelegate.swift; sourceTree = "<group>"; };
		74E5BE482404D454000F2350 /* SceneDelegate.swift */ = {isa = PBXFileReference; lastKnownFileType = sourcecode.swift; path = SceneDelegate.swift; sourceTree = "<group>"; };
		74E5BE4A2404D454000F2350 /* ViewController.swift */ = {isa = PBXFileReference; lastKnownFileType = sourcecode.swift; path = ViewController.swift; sourceTree = "<group>"; };
		74E5BE4D2404D454000F2350 /* Base */ = {isa = PBXFileReference; lastKnownFileType = file.storyboard; name = Base; path = Base.lproj/Main.storyboard; sourceTree = "<group>"; };
		74E5BE4F2404D458000F2350 /* Assets.xcassets */ = {isa = PBXFileReference; lastKnownFileType = folder.assetcatalog; path = Assets.xcassets; sourceTree = "<group>"; };
		74E5BE522404D458000F2350 /* Base */ = {isa = PBXFileReference; lastKnownFileType = file.storyboard; name = Base; path = Base.lproj/LaunchScreen.storyboard; sourceTree = "<group>"; };
		74E5BE542404D458000F2350 /* Info.plist */ = {isa = PBXFileReference; lastKnownFileType = text.plist.xml; path = Info.plist; sourceTree = "<group>"; };
		A1689563A576B5E6AB48EF6D /* Pods-Nutrify.debug.xcconfig */ = {isa = PBXFileReference; includeInIndex = 1; lastKnownFileType = text.xcconfig; name = "Pods-Nutrify.debug.xcconfig"; path = "Target Support Files/Pods-Nutrify/Pods-Nutrify.debug.xcconfig"; sourceTree = "<group>"; };
		A5153D5748177936868897A7 /* Pods_Nutrify.framework */ = {isa = PBXFileReference; explicitFileType = wrapper.framework; includeInIndex = 0; path = Pods_Nutrify.framework; sourceTree = BUILT_PRODUCTS_DIR; };
/* End PBXFileReference section */

/* Begin PBXFrameworksBuildPhase section */
		74E5BE402404D454000F2350 /* Frameworks */ = {
			isa = PBXFrameworksBuildPhase;
			buildActionMask = 2147483647;
			files = (
				4EFE36243A8908CD10AA847B /* Pods_Nutrify.framework in Frameworks */,
			);
			runOnlyForDeploymentPostprocessing = 0;
		};
/* End PBXFrameworksBuildPhase section */

/* Begin PBXGroup section */
		4A4F6F8B349B25CA2FD32F4D /* Frameworks */ = {
			isa = PBXGroup;
			children = (
				A5153D5748177936868897A7 /* Pods_Nutrify.framework */,
			);
			name = Frameworks;
			sourceTree = "<group>";
		};
		74651BA22456468A003F1F9C /* App Delegate */ = {
			isa = PBXGroup;
			children = (
				74E5BE462404D454000F2350 /* AppDelegate.swift */,
			);
			path = "App Delegate";
			sourceTree = "<group>";
		};
		74651BA32456469E003F1F9C /* View Controllers */ = {
			isa = PBXGroup;
			children = (
				74E5BE4A2404D454000F2350 /* ViewController.swift */,
				74591D60242DA4F200855BAB /* LoginViewController.swift */,
				74591D5E242DA4CB00855BAB /* HomeViewController.swift */,
				74591D5A242D925600855BAB /* SurveyQuestionsViewController.swift */,
			);
			path = "View Controllers";
			sourceTree = "<group>";
		};
		74651BC4245698BD003F1F9C /* Storyboards */ = {
			isa = PBXGroup;
			children = (
				74E5BE512404D458000F2350 /* LaunchScreen.storyboard */,
				74E5BE4C2404D454000F2350 /* Main.storyboard */,
			);
			path = Storyboards;
			sourceTree = "<group>";
		};
		74651BD0245722F3003F1F9C /* Managers */ = {
			isa = PBXGroup;
			children = (
				74651BD12457230C003F1F9C /* NutritionixAPI.swift */,
			);
			path = Managers;
			sourceTree = "<group>";
		};
		74651BD32457233F003F1F9C /* Helpers */ = {
			isa = PBXGroup;
			children = (
				74651BD424572348003F1F9C /* Config.swift */,
				74651BD624572368003F1F9C /* Meal.swift */,
				74651BDA2457A166003F1F9C /* Utilities.swift */,
				74651BDC2457A796003F1F9C /* Constants.swift */,
			);
			path = Helpers;
			sourceTree = "<group>";
		};
		74651BDE2457D106003F1F9C /* Unused */ = {
			isa = PBXGroup;
			children = (
				74591D56242C620200855BAB /* CreateAccountViewController.swift */,
				74591D58242D6FFC00855BAB /* SurveyNavigationController.swift */,
			);
			path = Unused;
			sourceTree = "<group>";
		};
		74E5BE3A2404D454000F2350 = {
			isa = PBXGroup;
			children = (
				74E5BE452404D454000F2350 /* Nutrify */,
				74E5BE442404D454000F2350 /* Products */,
				DED012B20013D4F36E9F3D61 /* Pods */,
				4A4F6F8B349B25CA2FD32F4D /* Frameworks */,
			);
			sourceTree = "<group>";
		};
		74E5BE442404D454000F2350 /* Products */ = {
			isa = PBXGroup;
			children = (
				74E5BE432404D454000F2350 /* Nutrify.app */,
			);
			name = Products;
			sourceTree = "<group>";
		};
		74E5BE452404D454000F2350 /* Nutrify */ = {
			isa = PBXGroup;
			children = (
				74651BDE2457D106003F1F9C /* Unused */,
				74651BD32457233F003F1F9C /* Helpers */,
				74651BD0245722F3003F1F9C /* Managers */,
				74651BC4245698BD003F1F9C /* Storyboards */,
				74651BA22456468A003F1F9C /* App Delegate */,
				74651BA32456469E003F1F9C /* View Controllers */,
				74B946A32455365800BA9325 /* GoogleService-Info.plist */,
				74E5BE482404D454000F2350 /* SceneDelegate.swift */,
				74E5BE4F2404D458000F2350 /* Assets.xcassets */,
				74E5BE542404D458000F2350 /* Info.plist */,
			);
			path = Nutrify;
			sourceTree = "<group>";
		};
		DED012B20013D4F36E9F3D61 /* Pods */ = {
			isa = PBXGroup;
			children = (
				A1689563A576B5E6AB48EF6D /* Pods-Nutrify.debug.xcconfig */,
				6BA4092531F32DF07D0BC39A /* Pods-Nutrify.release.xcconfig */,
			);
			path = Pods;
			sourceTree = "<group>";
		};
/* End PBXGroup section */

/* Begin PBXNativeTarget section */
		74E5BE422404D454000F2350 /* Nutrify */ = {
			isa = PBXNativeTarget;
			buildConfigurationList = 74E5BE572404D458000F2350 /* Build configuration list for PBXNativeTarget "Nutrify" */;
			buildPhases = (
				311F92BA22E1B4D02786B1B2 /* [CP] Check Pods Manifest.lock */,
				74E5BE3F2404D454000F2350 /* Sources */,
				74E5BE402404D454000F2350 /* Frameworks */,
				74E5BE412404D454000F2350 /* Resources */,
				6515F9CE4E2D066BF8A94BC8 /* [CP] Embed Pods Frameworks */,
			);
			buildRules = (
			);
			dependencies = (
			);
			name = Nutrify;
			productName = Nutrify;
			productReference = 74E5BE432404D454000F2350 /* Nutrify.app */;
			productType = "com.apple.product-type.application";
		};
/* End PBXNativeTarget section */

/* Begin PBXProject section */
		74E5BE3B2404D454000F2350 /* Project object */ = {
			isa = PBXProject;
			attributes = {
				LastSwiftUpdateCheck = 1130;
				LastUpgradeCheck = 1130;
				ORGANIZATIONNAME = "Alex Benasutti";
				TargetAttributes = {
					74E5BE422404D454000F2350 = {
						CreatedOnToolsVersion = 11.3.1;
					};
				};
			};
			buildConfigurationList = 74E5BE3E2404D454000F2350 /* Build configuration list for PBXProject "Nutrify" */;
			compatibilityVersion = "Xcode 9.3";
			developmentRegion = en;
			hasScannedForEncodings = 0;
			knownRegions = (
				en,
				Base,
			);
			mainGroup = 74E5BE3A2404D454000F2350;
			productRefGroup = 74E5BE442404D454000F2350 /* Products */;
			projectDirPath = "";
			projectRoot = "";
			targets = (
				74E5BE422404D454000F2350 /* Nutrify */,
			);
		};
/* End PBXProject section */

/* Begin PBXResourcesBuildPhase section */
		74E5BE412404D454000F2350 /* Resources */ = {
			isa = PBXResourcesBuildPhase;
			buildActionMask = 2147483647;
			files = (
				74E5BE532404D458000F2350 /* LaunchScreen.storyboard in Resources */,
				74B946A42455365800BA9325 /* GoogleService-Info.plist in Resources */,
				74E5BE502404D458000F2350 /* Assets.xcassets in Resources */,
				74E5BE4E2404D454000F2350 /* Main.storyboard in Resources */,
			);
			runOnlyForDeploymentPostprocessing = 0;
		};
/* End PBXResourcesBuildPhase section */

/* Begin PBXShellScriptBuildPhase section */
		311F92BA22E1B4D02786B1B2 /* [CP] Check Pods Manifest.lock */ = {
			isa = PBXShellScriptBuildPhase;
			buildActionMask = 2147483647;
			files = (
			);
			inputFileListPaths = (
			);
			inputPaths = (
				"${PODS_PODFILE_DIR_PATH}/Podfile.lock",
				"${PODS_ROOT}/Manifest.lock",
			);
			name = "[CP] Check Pods Manifest.lock";
			outputFileListPaths = (
			);
			outputPaths = (
				"$(DERIVED_FILE_DIR)/Pods-Nutrify-checkManifestLockResult.txt",
			);
			runOnlyForDeploymentPostprocessing = 0;
			shellPath = /bin/sh;
			shellScript = "diff \"${PODS_PODFILE_DIR_PATH}/Podfile.lock\" \"${PODS_ROOT}/Manifest.lock\" > /dev/null\nif [ $? != 0 ] ; then\n    # print error to STDERR\n    echo \"error: The sandbox is not in sync with the Podfile.lock. Run 'pod install' or update your CocoaPods installation.\" >&2\n    exit 1\nfi\n# This output is used by Xcode 'outputs' to avoid re-running this script phase.\necho \"SUCCESS\" > \"${SCRIPT_OUTPUT_FILE_0}\"\n";
			showEnvVarsInLog = 0;
		};
		6515F9CE4E2D066BF8A94BC8 /* [CP] Embed Pods Frameworks */ = {
			isa = PBXShellScriptBuildPhase;
			buildActionMask = 2147483647;
			files = (
			);
			inputFileListPaths = (
				"${PODS_ROOT}/Target Support Files/Pods-Nutrify/Pods-Nutrify-frameworks-${CONFIGURATION}-input-files.xcfilelist",
			);
			name = "[CP] Embed Pods Frameworks";
			outputFileListPaths = (
				"${PODS_ROOT}/Target Support Files/Pods-Nutrify/Pods-Nutrify-frameworks-${CONFIGURATION}-output-files.xcfilelist",
			);
			runOnlyForDeploymentPostprocessing = 0;
			shellPath = /bin/sh;
			shellScript = "\"${PODS_ROOT}/Target Support Files/Pods-Nutrify/Pods-Nutrify-frameworks.sh\"\n";
			showEnvVarsInLog = 0;
		};
/* End PBXShellScriptBuildPhase section */

/* Begin PBXSourcesBuildPhase section */
		74E5BE3F2404D454000F2350 /* Sources */ = {
			isa = PBXSourcesBuildPhase;
			buildActionMask = 2147483647;
			files = (
				74591D61242DA4F200855BAB /* LoginViewController.swift in Sources */,
				74591D5B242D925600855BAB /* SurveyQuestionsViewController.swift in Sources */,
				74591D57242C620200855BAB /* CreateAccountViewController.swift in Sources */,
				74E5BE4B2404D454000F2350 /* ViewController.swift in Sources */,
				74651BD724572368003F1F9C /* Meal.swift in Sources */,
				74591D5F242DA4CB00855BAB /* HomeViewController.swift in Sources */,
				74651BDB2457A166003F1F9C /* Utilities.swift in Sources */,
				74651BDD2457A796003F1F9C /* Constants.swift in Sources */,
				74651BD524572348003F1F9C /* Config.swift in Sources */,
				74E5BE472404D454000F2350 /* AppDelegate.swift in Sources */,
				74E5BE492404D454000F2350 /* SceneDelegate.swift in Sources */,
				74591D59242D6FFC00855BAB /* SurveyNavigationController.swift in Sources */,
				74651BD22457230C003F1F9C /* NutritionixAPI.swift in Sources */,
			);
			runOnlyForDeploymentPostprocessing = 0;
		};
/* End PBXSourcesBuildPhase section */

/* Begin PBXVariantGroup section */
		74E5BE4C2404D454000F2350 /* Main.storyboard */ = {
			isa = PBXVariantGroup;
			children = (
				74E5BE4D2404D454000F2350 /* Base */,
			);
			name = Main.storyboard;
			sourceTree = "<group>";
		};
		74E5BE512404D458000F2350 /* LaunchScreen.storyboard */ = {
			isa = PBXVariantGroup;
			children = (
				74E5BE522404D458000F2350 /* Base */,
			);
			name = LaunchScreen.storyboard;
			sourceTree = "<group>";
		};
/* End PBXVariantGroup section */

/* Begin XCBuildConfiguration section */
		74E5BE552404D458000F2350 /* Debug */ = {
			isa = XCBuildConfiguration;
			buildSettings = {
				ALWAYS_SEARCH_USER_PATHS = NO;
				CLANG_ANALYZER_NONNULL = YES;
				CLANG_ANALYZER_NUMBER_OBJECT_CONVERSION = YES_AGGRESSIVE;
				CLANG_CXX_LANGUAGE_STANDARD = "gnu++14";
				CLANG_CXX_LIBRARY = "libc++";
				CLANG_ENABLE_MODULES = YES;
				CLANG_ENABLE_OBJC_ARC = YES;
				CLANG_ENABLE_OBJC_WEAK = YES;
				CLANG_WARN_BLOCK_CAPTURE_AUTORELEASING = YES;
				CLANG_WARN_BOOL_CONVERSION = YES;
				CLANG_WARN_COMMA = YES;
				CLANG_WARN_CONSTANT_CONVERSION = YES;
				CLANG_WARN_DEPRECATED_OBJC_IMPLEMENTATIONS = YES;
				CLANG_WARN_DIRECT_OBJC_ISA_USAGE = YES_ERROR;
				CLANG_WARN_DOCUMENTATION_COMMENTS = YES;
				CLANG_WARN_EMPTY_BODY = YES;
				CLANG_WARN_ENUM_CONVERSION = YES;
				CLANG_WARN_INFINITE_RECURSION = YES;
				CLANG_WARN_INT_CONVERSION = YES;
				CLANG_WARN_NON_LITERAL_NULL_CONVERSION = YES;
				CLANG_WARN_OBJC_IMPLICIT_RETAIN_SELF = YES;
				CLANG_WARN_OBJC_LITERAL_CONVERSION = YES;
				CLANG_WARN_OBJC_ROOT_CLASS = YES_ERROR;
				CLANG_WARN_RANGE_LOOP_ANALYSIS = YES;
				CLANG_WARN_STRICT_PROTOTYPES = YES;
				CLANG_WARN_SUSPICIOUS_MOVE = YES;
				CLANG_WARN_UNGUARDED_AVAILABILITY = YES_AGGRESSIVE;
				CLANG_WARN_UNREACHABLE_CODE = YES;
				CLANG_WARN__DUPLICATE_METHOD_MATCH = YES;
				COPY_PHASE_STRIP = NO;
				DEBUG_INFORMATION_FORMAT = dwarf;
				ENABLE_STRICT_OBJC_MSGSEND = YES;
				ENABLE_TESTABILITY = YES;
				GCC_C_LANGUAGE_STANDARD = gnu11;
				GCC_DYNAMIC_NO_PIC = NO;
				GCC_NO_COMMON_BLOCKS = YES;
				GCC_OPTIMIZATION_LEVEL = 0;
				GCC_PREPROCESSOR_DEFINITIONS = (
					"DEBUG=1",
					"$(inherited)",
				);
				GCC_WARN_64_TO_32_BIT_CONVERSION = YES;
				GCC_WARN_ABOUT_RETURN_TYPE = YES_ERROR;
				GCC_WARN_UNDECLARED_SELECTOR = YES;
				GCC_WARN_UNINITIALIZED_AUTOS = YES_AGGRESSIVE;
				GCC_WARN_UNUSED_FUNCTION = YES;
				GCC_WARN_UNUSED_VARIABLE = YES;
				IPHONEOS_DEPLOYMENT_TARGET = 13.2;
				MTL_ENABLE_DEBUG_INFO = INCLUDE_SOURCE;
				MTL_FAST_MATH = YES;
				ONLY_ACTIVE_ARCH = YES;
				SDKROOT = iphoneos;
				SWIFT_ACTIVE_COMPILATION_CONDITIONS = DEBUG;
				SWIFT_OPTIMIZATION_LEVEL = "-Onone";
			};
			name = Debug;
		};
		74E5BE562404D458000F2350 /* Release */ = {
			isa = XCBuildConfiguration;
			buildSettings = {
				ALWAYS_SEARCH_USER_PATHS = NO;
				CLANG_ANALYZER_NONNULL = YES;
				CLANG_ANALYZER_NUMBER_OBJECT_CONVERSION = YES_AGGRESSIVE;
				CLANG_CXX_LANGUAGE_STANDARD = "gnu++14";
				CLANG_CXX_LIBRARY = "libc++";
				CLANG_ENABLE_MODULES = YES;
				CLANG_ENABLE_OBJC_ARC = YES;
				CLANG_ENABLE_OBJC_WEAK = YES;
				CLANG_WARN_BLOCK_CAPTURE_AUTORELEASING = YES;
				CLANG_WARN_BOOL_CONVERSION = YES;
				CLANG_WARN_COMMA = YES;
				CLANG_WARN_CONSTANT_CONVERSION = YES;
				CLANG_WARN_DEPRECATED_OBJC_IMPLEMENTATIONS = YES;
				CLANG_WARN_DIRECT_OBJC_ISA_USAGE = YES_ERROR;
				CLANG_WARN_DOCUMENTATION_COMMENTS = YES;
				CLANG_WARN_EMPTY_BODY = YES;
				CLANG_WARN_ENUM_CONVERSION = YES;
				CLANG_WARN_INFINITE_RECURSION = YES;
				CLANG_WARN_INT_CONVERSION = YES;
				CLANG_WARN_NON_LITERAL_NULL_CONVERSION = YES;
				CLANG_WARN_OBJC_IMPLICIT_RETAIN_SELF = YES;
				CLANG_WARN_OBJC_LITERAL_CONVERSION = YES;
				CLANG_WARN_OBJC_ROOT_CLASS = YES_ERROR;
				CLANG_WARN_RANGE_LOOP_ANALYSIS = YES;
				CLANG_WARN_STRICT_PROTOTYPES = YES;
				CLANG_WARN_SUSPICIOUS_MOVE = YES;
				CLANG_WARN_UNGUARDED_AVAILABILITY = YES_AGGRESSIVE;
				CLANG_WARN_UNREACHABLE_CODE = YES;
				CLANG_WARN__DUPLICATE_METHOD_MATCH = YES;
				COPY_PHASE_STRIP = NO;
				DEBUG_INFORMATION_FORMAT = "dwarf-with-dsym";
				ENABLE_NS_ASSERTIONS = NO;
				ENABLE_STRICT_OBJC_MSGSEND = YES;
				GCC_C_LANGUAGE_STANDARD = gnu11;
				GCC_NO_COMMON_BLOCKS = YES;
				GCC_WARN_64_TO_32_BIT_CONVERSION = YES;
				GCC_WARN_ABOUT_RETURN_TYPE = YES_ERROR;
				GCC_WARN_UNDECLARED_SELECTOR = YES;
				GCC_WARN_UNINITIALIZED_AUTOS = YES_AGGRESSIVE;
				GCC_WARN_UNUSED_FUNCTION = YES;
				GCC_WARN_UNUSED_VARIABLE = YES;
				IPHONEOS_DEPLOYMENT_TARGET = 13.2;
				MTL_ENABLE_DEBUG_INFO = NO;
				MTL_FAST_MATH = YES;
				SDKROOT = iphoneos;
				SWIFT_COMPILATION_MODE = wholemodule;
				SWIFT_OPTIMIZATION_LEVEL = "-O";
				VALIDATE_PRODUCT = YES;
			};
			name = Release;
		};
		74E5BE582404D458000F2350 /* Debug */ = {
			isa = XCBuildConfiguration;
			baseConfigurationReference = A1689563A576B5E6AB48EF6D /* Pods-Nutrify.debug.xcconfig */;
			buildSettings = {
				ASSETCATALOG_COMPILER_APPICON_NAME = AppIcon;
				CODE_SIGN_STYLE = Automatic;
				DEVELOPMENT_TEAM = UUHLF2932X;
				INFOPLIST_FILE = Nutrify/Info.plist;
				LD_RUNPATH_SEARCH_PATHS = (
					"$(inherited)",
					"@executable_path/Frameworks",
				);
				PRODUCT_BUNDLE_IDENTIFIER = com.jamboii.Nutrify;
				PRODUCT_NAME = "$(TARGET_NAME)";
				SWIFT_VERSION = 5.0;
				TARGETED_DEVICE_FAMILY = "1,2";
			};
			name = Debug;
		};
		74E5BE592404D458000F2350 /* Release */ = {
			isa = XCBuildConfiguration;
			baseConfigurationReference = 6BA4092531F32DF07D0BC39A /* Pods-Nutrify.release.xcconfig */;
			buildSettings = {
				ASSETCATALOG_COMPILER_APPICON_NAME = AppIcon;
				CODE_SIGN_STYLE = Automatic;
				DEVELOPMENT_TEAM = UUHLF2932X;
				INFOPLIST_FILE = Nutrify/Info.plist;
				LD_RUNPATH_SEARCH_PATHS = (
					"$(inherited)",
					"@executable_path/Frameworks",
				);
				PRODUCT_BUNDLE_IDENTIFIER = com.jamboii.Nutrify;
				PRODUCT_NAME = "$(TARGET_NAME)";
				SWIFT_VERSION = 5.0;
				TARGETED_DEVICE_FAMILY = "1,2";
			};
			name = Release;
		};
/* End XCBuildConfiguration section */

/* Begin XCConfigurationList section */
		74E5BE3E2404D454000F2350 /* Build configuration list for PBXProject "Nutrify" */ = {
			isa = XCConfigurationList;
			buildConfigurations = (
				74E5BE552404D458000F2350 /* Debug */,
				74E5BE562404D458000F2350 /* Release */,
			);
			defaultConfigurationIsVisible = 0;
			defaultConfigurationName = Release;
		};
		74E5BE572404D458000F2350 /* Build configuration list for PBXNativeTarget "Nutrify" */ = {
			isa = XCConfigurationList;
			buildConfigurations = (
				74E5BE582404D458000F2350 /* Debug */,
				74E5BE592404D458000F2350 /* Release */,
			);
			defaultConfigurationIsVisible = 0;
			defaultConfigurationName = Release;
		};
/* End XCConfigurationList section */
	};
	rootObject = 74E5BE3B2404D454000F2350 /* Project object */;
}
